
Microsoft Visual Studio Solution File, Format Version 12.00
# Visual Studio 2012
Project("{F184B08F-C81C-45F6-A57F-5ABD9991F28F}") = "Blackbaud.CustomFx.EventsTile.Catalog", "Blackbaud.CustomFx.EventsTile.Catalog\Blackbaud.CustomFx.EventsTile.Catalog.vbproj", "{8A429992-E5D5-400C-B7CF-2811E586A495}"
EndProject
Project("{F184B08F-C81C-45F6-A57F-5ABD9991F28F}") = "Blackbaud.CustomFx.EventsTile.UIModel", "Blackbaud.CustomFx.EventsTile.UIModel\Blackbaud.CustomFx.EventsTile.UIModel.vbproj", "{41F646E8-7F65-43F9-BAF1-F3D2A17837CD}"
EndProject
Global
	GlobalSection(SolutionConfigurationPlatforms) = preSolution
		Debug|Any CPU = Debug|Any CPU
		Release|Any CPU = Release|Any CPU
	EndGlobalSection
	GlobalSection(ProjectConfigurationPlatforms) = postSolution
		{8A429992-E5D5-400C-B7CF-2811E586A495}.Debug|Any CPU.ActiveCfg = Debug|Any CPU
		{8A429992-E5D5-400C-B7CF-2811E586A495}.Debug|Any CPU.Build.0 = Debug|Any CPU
		{8A429992-E5D5-400C-B7CF-2811E586A495}.Release|Any CPU.ActiveCfg = Release|Any CPU
		{8A429992-E5D5-400C-B7CF-2811E586A495}.Release|Any CPU.Build.0 = Release|Any CPU
		{41F646E8-7F65-43F9-BAF1-F3D2A17837CD}.Debug|Any CPU.ActiveCfg = Debug|Any CPU
		{41F646E8-7F65-43F9-BAF1-F3D2A17837CD}.Debug|Any CPU.Build.0 = Debug|Any CPU
		{41F646E8-7F65-43F9-BAF1-F3D2A17837CD}.Release|Any CPU.ActiveCfg = Release|Any CPU
		{41F646E8-7F65-43F9-BAF1-F3D2A17837CD}.Release|Any CPU.Build.0 = Release|Any CPU
	EndGlobalSection
	GlobalSection(SolutionProperties) = preSolution
		HideSolutionNode = FALSE
	EndGlobalSection
EndGlobal
